PODS:
  - FBSnapshotTestCase (2.1.4):
    - FBSnapshotTestCase/SwiftSupport (= 2.1.4)
  - FBSnapshotTestCase/Core (2.1.4)
  - FBSnapshotTestCase/SwiftSupport (2.1.4):
    - FBSnapshotTestCase/Core
  - Nimble (5.1.1)
  - Nimble-Snapshots (4.4.0):
    - Nimble-Snapshots/Core (= 4.4.0)
  - Nimble-Snapshots/Core (4.4.0):
    - FBSnapshotTestCase (~> 2.0)
    - Nimble
    - Quick
  - Quick (1.0.0)
  - UCPortal (0.1.0)

DEPENDENCIES:
  - FBSnapshotTestCase
  - Nimble (~> 5.1.1)
  - Nimble-Snapshots
  - Quick (~> 1.0.0)
  - UCPortal (from `../`)

EXTERNAL SOURCES:
  UCPortal:
    :path: "../"

SPEC CHECKSUMS:
  FBSnapshotTestCase: 094f9f314decbabe373b87cc339bea235a63e07a
  Nimble: 415e3aa3267e7bc2c96b05fa814ddea7bb686a29
  Nimble-Snapshots: e743439f26c2fa99d8f7e0d7c01c99bcb40aa6f2
  Quick: 8024e4a47e6cc03a9d5245ef0948264fc6d27cff
  UCPortal: 024a29b1c6f1cee9dc384ecba8846e73852d2bfc

PODFILE CHECKSUM: 30ee8637c1f9056ba1e971702dfde0975cbf6408

COCOAPODS: 1.1.0.beta.1
